// !$*UTF8*$!
{
	archiveVersion = 1;
	classes = {
	};
	objectVersion = 55;
	objects = {

/* Begin PBXBuildFile section */
		3697253C288828AB00AE1BC6 /* Ligaya_App_StoreApp.swift in Sources */ = {isa = PBXBuildFile; fileRef = 3697253B288828AB00AE1BC6 /* Ligaya_App_StoreApp.swift */; };
		3697253E288828AB00AE1BC6 /* ContentView.swift in Sources */ = {isa = PBXBuildFile; fileRef = 3697253D288828AB00AE1BC6 /* ContentView.swift */; };
		36972540288828AE00AE1BC6 /* Assets.xcassets in Resources */ = {isa = PBXBuildFile; fileRef = 3697253F288828AE00AE1BC6 /* Assets.xcassets */; };
		36972543288828AE00AE1BC6 /* Preview Assets.xcassets in Resources */ = {isa = PBXBuildFile; fileRef = 36972542288828AE00AE1BC6 /* Preview Assets.xcassets */; };
		3697254D288828AE00AE1BC6 /* Ligaya_App_StoreTests.swift in Sources */ = {isa = PBXBuildFile; fileRef = 3697254C288828AE00AE1BC6 /* Ligaya_App_StoreTests.swift */; };
		36972557288828AE00AE1BC6 /* Ligaya_App_StoreUITests.swift in Sources */ = {isa = PBXBuildFile; fileRef = 36972556288828AE00AE1BC6 /* Ligaya_App_StoreUITests.swift */; };
		36972559288828AE00AE1BC6 /* Ligaya_App_StoreUITestsLaunchTests.swift in Sources */ = {isa = PBXBuildFile; fileRef = 36972558288828AE00AE1BC6 /* Ligaya_App_StoreUITestsLaunchTests.swift */; };
		3697256628882B0A00AE1BC6 /* ItemDetailView.swift in Sources */ = {isa = PBXBuildFile; fileRef = 3697256528882B0A00AE1BC6 /* ItemDetailView.swift */; };
/* End PBXBuildFile section */

/* Begin PBXContainerItemProxy section */
		36972549288828AE00AE1BC6 /* PBXContainerItemProxy */ = {
			isa = PBXContainerItemProxy;
			containerPortal = 36972530288828AB00AE1BC6 /* Project object */;
			proxyType = 1;
			remoteGlobalIDString = 36972537288828AB00AE1BC6;
			remoteInfo = "Ligaya App Store";
		};
		36972553288828AE00AE1BC6 /* PBXContainerItemProxy */ = {
			isa = PBXContainerItemProxy;
			containerPortal = 36972530288828AB00AE1BC6 /* Project object */;
			proxyType = 1;
			remoteGlobalIDString = 36972537288828AB00AE1BC6;
			remoteInfo = "Ligaya App Store";
		};
/* End PBXContainerItemProxy section */

/* Begin PBXFileReference section */
		36972538288828AB00AE1BC6 /* Ligaya App Store.app */ = {isa = PBXFileReference; explicitFileType = wrapper.application; includeInIndex = 0; path = "Ligaya App Store.app"; sourceTree = BUILT_PRODUCTS_DIR; };
		3697253B288828AB00AE1BC6 /* Ligaya_App_StoreApp.swift */ = {isa = PBXFileReference; lastKnownFileType = sourcecode.swift; path = Ligaya_App_StoreApp.swift; sourceTree = "<group>"; };
		3697253D288828AB00AE1BC6 /* ContentView.swift */ = {isa = PBXFileReference; lastKnownFileType = sourcecode.swift; path = ContentView.swift; sourceTree = "<group>"; };
		3697253F288828AE00AE1BC6 /* Assets.xcassets */ = {isa = PBXFileReference; lastKnownFileType = folder.assetcatalog; path = Assets.xcassets; sourceTree = "<group>"; };
		36972542288828AE00AE1BC6 /* Preview Assets.xcassets */ = {isa = PBXFileReference; lastKnownFileType = folder.assetcatalog; path = "Preview Assets.xcassets"; sourceTree = "<group>"; };
		36972548288828AE00AE1BC6 /* Ligaya App StoreTests.xctest */ = {isa = PBXFileReference; explicitFileType = wrapper.cfbundle; includeInIndex = 0; path = "Ligaya App StoreTests.xctest"; sourceTree = BUILT_PRODUCTS_DIR; };
		3697254C288828AE00AE1BC6 /* Ligaya_App_StoreTests.swift */ = {isa = PBXFileReference; lastKnownFileType = sourcecode.swift; path = Ligaya_App_StoreTests.swift; sourceTree = "<group>"; };
		36972552288828AE00AE1BC6 /* Ligaya App StoreUITests.xctest */ = {isa = PBXFileReference; explicitFileType = wrapper.cfbundle; includeInIndex = 0; path = "Ligaya App StoreUITests.xctest"; sourceTree = BUILT_PRODUCTS_DIR; };
		36972556288828AE00AE1BC6 /* Ligaya_App_StoreUITests.swift */ = {isa = PBXFileReference; lastKnownFileType = sourcecode.swift; path = Ligaya_App_StoreUITests.swift; sourceTree = "<group>"; };
		36972558288828AE00AE1BC6 /* Ligaya_App_StoreUITestsLaunchTests.swift */ = {isa = PBXFileReference; lastKnownFileType = sourcecode.swift; path = Ligaya_App_StoreUITestsLaunchTests.swift; sourceTree = "<group>"; };
		3697256528882B0A00AE1BC6 /* ItemDetailView.swift */ = {isa = PBXFileReference; lastKnownFileType = sourcecode.swift; path = ItemDetailView.swift; sourceTree = "<group>"; };
/* End PBXFileReference section */

/* Begin PBXFrameworksBuildPhase section */
		36972535288828AB00AE1BC6 /* Frameworks */ = {
			isa = PBXFrameworksBuildPhase;
			buildActionMask = 2147483647;
			files = (
			);
			runOnlyForDeploymentPostprocessing = 0;
		};
		36972545288828AE00AE1BC6 /* Frameworks */ = {
			isa = PBXFrameworksBuildPhase;
			buildActionMask = 2147483647;
			files = (
			);
			runOnlyForDeploymentPostprocessing = 0;
		};
		3697254F288828AE00AE1BC6 /* Frameworks */ = {
			isa = PBXFrameworksBuildPhase;
			buildActionMask = 2147483647;
			files = (
			);
			runOnlyForDeploymentPostprocessing = 0;
		};
/* End PBXFrameworksBuildPhase section */

/* Begin PBXGroup section */
		3697252F288828AB00AE1BC6 = {
			isa = PBXGroup;
			children = (
				3697253A288828AB00AE1BC6 /* Ligaya App Store */,
				3697254B288828AE00AE1BC6 /* Ligaya App StoreTests */,
				36972555288828AE00AE1BC6 /* Ligaya App StoreUITests */,
				36972539288828AB00AE1BC6 /* Products */,
			);
			sourceTree = "<group>";
		};
		36972539288828AB00AE1BC6 /* Products */ = {
			isa = PBXGroup;
			children = (
				36972538288828AB00AE1BC6 /* Ligaya App Store.app */,
				36972548288828AE00AE1BC6 /* Ligaya App StoreTests.xctest */,
				36972552288828AE00AE1BC6 /* Ligaya App StoreUITests.xctest */,
			);
			name = Products;
			sourceTree = "<group>";
		};
		3697253A288828AB00AE1BC6 /* Ligaya App Store */ = {
			isa = PBXGroup;
			children = (
				3697253B288828AB00AE1BC6 /* Ligaya_App_StoreApp.swift */,
				3697253D288828AB00AE1BC6 /* ContentView.swift */,
				3697256528882B0A00AE1BC6 /* ItemDetailView.swift */,
				3697253F288828AE00AE1BC6 /* Assets.xcassets */,
				36972541288828AE00AE1BC6 /* Preview Content */,
			);
			path = "Ligaya App Store";
			sourceTree = "<group>";
		};
		36972541288828AE00AE1BC6 /* Preview Content */ = {
			isa = PBXGroup;
			children = (
				36972542288828AE00AE1BC6 /* Preview Assets.xcassets */,
			);
			path = "Preview Content";
			sourceTree = "<group>";
		};
		3697254B288828AE00AE1BC6 /* Ligaya App StoreTests */ = {
			isa = PBXGroup;
			children = (
				3697254C288828AE00AE1BC6 /* Ligaya_App_StoreTests.swift */,
			);
			path = "Ligaya App StoreTests";
			sourceTree = "<group>";
		};
		36972555288828AE00AE1BC6 /* Ligaya App StoreUITests */ = {
			isa = PBXGroup;
			children = (
				36972556288828AE00AE1BC6 /* Ligaya_App_StoreUITests.swift */,
				36972558288828AE00AE1BC6 /* Ligaya_App_StoreUITestsLaunchTests.swift */,
			);
			path = "Ligaya App StoreUITests";
			sourceTree = "<group>";
		};
/* End PBXGroup section */

/* Begin PBXNativeTarget section */
		36972537288828AB00AE1BC6 /* Ligaya App Store */ = {
			isa = PBXNativeTarget;
			buildConfigurationList = 3697255C288828AE00AE1BC6 /* Build configuration list for PBXNativeTarget "Ligaya App Store" */;
			buildPhases = (
				36972534288828AB00AE1BC6 /* Sources */,
				36972535288828AB00AE1BC6 /* Frameworks */,
				36972536288828AB00AE1BC6 /* Resources */,
			);
			buildRules = (
			);
			dependencies = (
			);
			name = "Ligaya App Store";
			productName = "Ligaya App Store";
			productReference = 36972538288828AB00AE1BC6 /* Ligaya App Store.app */;
			productType = "com.apple.product-type.application";
		};
		36972547288828AE00AE1BC6 /* Ligaya App StoreTests */ = {
			isa = PBXNativeTarget;
			buildConfigurationList = 3697255F288828AE00AE1BC6 /* Build configuration list for PBXNativeTarget "Ligaya App StoreTests" */;
			buildPhases = (
				36972544288828AE00AE1BC6 /* Sources */,
				36972545288828AE00AE1BC6 /* Frameworks */,
				36972546288828AE00AE1BC6 /* Resources */,
			);
			buildRules = (
			);
			dependencies = (
				3697254A288828AE00AE1BC6 /* PBXTargetDependency */,
			);
			name = "Ligaya App StoreTests";
			productName = "Ligaya App StoreTests";
			productReference = 36972548288828AE00AE1BC6 /* Ligaya App StoreTests.xctest */;
			productType = "com.apple.product-type.bundle.unit-test";
		};
		36972551288828AE00AE1BC6 /* Ligaya App StoreUITests */ = {
			isa = PBXNativeTarget;
			buildConfigurationList = 36972562288828AE00AE1BC6 /* Build configuration list for PBXNativeTarget "Ligaya App StoreUITests" */;
			buildPhases = (
				3697254E288828AE00AE1BC6 /* Sources */,
				3697254F288828AE00AE1BC6 /* Frameworks */,
				36972550288828AE00AE1BC6 /* Resources */,
			);
			buildRules = (
			);
			dependencies = (
				36972554288828AE00AE1BC6 /* PBXTargetDependency */,
			);
			name = "Ligaya App StoreUITests";
			productName = "Ligaya App StoreUITests";
			productReference = 36972552288828AE00AE1BC6 /* Ligaya App StoreUITests.xctest */;
			productType = "com.apple.product-type.bundle.ui-testing";
		};
/* End PBXNativeTarget section */

/* Begin PBXProject section */
		36972530288828AB00AE1BC6 /* Project object */ = {
			isa = PBXProject;
			attributes = {
				BuildIndependentTargetsInParallel = 1;
				LastSwiftUpdateCheck = 1340;
				LastUpgradeCheck = 1340;
				TargetAttributes = {
					36972537288828AB00AE1BC6 = {
						CreatedOnToolsVersion = 13.4.1;
					};
					36972547288828AE00AE1BC6 = {
						CreatedOnToolsVersion = 13.4.1;
						TestTargetID = 36972537288828AB00AE1BC6;
					};
					36972551288828AE00AE1BC6 = {
						CreatedOnToolsVersion = 13.4.1;
						TestTargetID = 36972537288828AB00AE1BC6;
					};
				};
			};
			buildConfigurationList = 36972533288828AB00AE1BC6 /* Build configuration list for PBXProject "Ligaya App Store" */;
			compatibilityVersion = "Xcode 13.0";
			developmentRegion = en;
			hasScannedForEncodings = 0;
			knownRegions = (
				en,
				Base,
			);
			mainGroup = 3697252F288828AB00AE1BC6;
			productRefGroup = 36972539288828AB00AE1BC6 /* Products */;
			projectDirPath = "";
			projectRoot = "";
			targets = (
				36972537288828AB00AE1BC6 /* Ligaya App Store */,
				36972547288828AE00AE1BC6 /* Ligaya App StoreTests */,
				36972551288828AE00AE1BC6 /* Ligaya App StoreUITests */,
			);
		};
/* End PBXProject section */

/* Begin PBXResourcesBuildPhase section */
		36972536288828AB00AE1BC6 /* Resources */ = {
			isa = PBXResourcesBuildPhase;
			buildActionMask = 2147483647;
			files = (
				36972543288828AE00AE1BC6 /* Preview Assets.xcassets in Resources */,
				36972540288828AE00AE1BC6 /* Assets.xcassets in Resources */,
			);
			runOnlyForDeploymentPostprocessing = 0;
		};
		36972546288828AE00AE1BC6 /* Resources */ = {
			isa = PBXResourcesBuildPhase;
			buildActionMask = 2147483647;
			files = (
			);
			runOnlyForDeploymentPostprocessing = 0;
		};
		36972550288828AE00AE1BC6 /* Resources */ = {
			isa = PBXResourcesBuildPhase;
			buildActionMask = 2147483647;
			files = (
			);
			runOnlyForDeploymentPostprocessing = 0;
		};
/* End PBXResourcesBuildPhase section */

/* Begin PBXSourcesBuildPhase section */
		36972534288828AB00AE1BC6 /* Sources */ = {
			isa = PBXSourcesBuildPhase;
			buildActionMask = 2147483647;
			files = (
				3697256628882B0A00AE1BC6 /* ItemDetailView.swift in Sources */,
				3697253E288828AB00AE1BC6 /* ContentView.swift in Sources */,
				3697253C288828AB00AE1BC6 /* Ligaya_App_StoreApp.swift in Sources */,
			);
			runOnlyForDeploymentPostprocessing = 0;
		};
		36972544288828AE00AE1BC6 /* Sources */ = {
			isa = PBXSourcesBuildPhase;
			buildActionMask = 2147483647;
			files = (
				3697254D288828AE00AE1BC6 /* Ligaya_App_StoreTests.swift in Sources */,
			);
			runOnlyForDeploymentPostprocessing = 0;
		};
		3697254E288828AE00AE1BC6 /* Sources */ = {
			isa = PBXSourcesBuildPhase;
			buildActionMask = 2147483647;
			files = (
				36972557288828AE00AE1BC6 /* Ligaya_App_StoreUITests.swift in Sources */,
				36972559288828AE00AE1BC6 /* Ligaya_App_StoreUITestsLaunchTests.swift in Sources */,
			);
			runOnlyForDeploymentPostprocessing = 0;
		};
/* End PBXSourcesBuildPhase section */

/* Begin PBXTargetDependency section */
		3697254A288828AE00AE1BC6 /* PBXTargetDependency */ = {
			isa = PBXTargetDependency;
			target = 36972537288828AB00AE1BC6 /* Ligaya App Store */;
			targetProxy = 36972549288828AE00AE1BC6 /* PBXContainerItemProxy */;
		};
		36972554288828AE00AE1BC6 /* PBXTargetDependency */ = {
			isa = PBXTargetDependency;
			target = 36972537288828AB00AE1BC6 /* Ligaya App Store */;
			targetProxy = 36972553288828AE00AE1BC6 /* PBXContainerItemProxy */;
		};
/* End PBXTargetDependency section */

/* Begin XCBuildConfiguration section */
		3697255A288828AE00AE1BC6 /* Debug */ = {
			isa = XCBuildConfiguration;
			buildSettings = {
				ALWAYS_SEARCH_USER_PATHS = NO;
				CLANG_ANALYZER_NONNULL = YES;
				CLANG_ANALYZER_NUMBER_OBJECT_CONVERSION = YES_AGGRESSIVE;
				CLANG_CXX_LANGUAGE_STANDARD = "gnu++17";
				CLANG_ENABLE_MODULES = YES;
				CLANG_ENABLE_OBJC_ARC = YES;
				CLANG_ENABLE_OBJC_WEAK = YES;
				CLANG_WARN_BLOCK_CAPTURE_AUTORELEASING = YES;
				CLANG_WARN_BOOL_CONVERSION = YES;
				CLANG_WARN_COMMA = YES;
				CLANG_WARN_CONSTANT_CONVERSION = YES;
				CLANG_WARN_DEPRECATED_OBJC_IMPLEMENTATIONS = YES;
				CLANG_WARN_DIRECT_OBJC_ISA_USAGE = YES_ERROR;
				CLANG_WARN_DOCUMENTATION_COMMENTS = YES;
				CLANG_WARN_EMPTY_BODY = YES;
				CLANG_WARN_ENUM_CONVERSION = YES;
				CLANG_WARN_INFINITE_RECURSION = YES;
				CLANG_WARN_INT_CONVERSION = YES;
				CLANG_WARN_NON_LITERAL_NULL_CONVERSION = YES;
				CLANG_WARN_OBJC_IMPLICIT_RETAIN_SELF = YES;
				CLANG_WARN_OBJC_LITERAL_CONVERSION = YES;
				CLANG_WARN_OBJC_ROOT_CLASS = YES_ERROR;
				CLANG_WARN_QUOTED_INCLUDE_IN_FRAMEWORK_HEADER = YES;
				CLANG_WARN_RANGE_LOOP_ANALYSIS = YES;
				CLANG_WARN_STRICT_PROTOTYPES = YES;
				CLANG_WARN_SUSPICIOUS_MOVE = YES;
				CLANG_WARN_UNGUARDED_AVAILABILITY = YES_AGGRESSIVE;
				CLANG_WARN_UNREACHABLE_CODE = YES;
				CLANG_WARN__DUPLICATE_METHOD_MATCH = YES;
				COPY_PHASE_STRIP = NO;
				DEBUG_INFORMATION_FORMAT = dwarf;
				ENABLE_STRICT_OBJC_MSGSEND = YES;
				ENABLE_TESTABILITY = YES;
				GCC_C_LANGUAGE_STANDARD = gnu11;
				GCC_DYNAMIC_NO_PIC = NO;
				GCC_NO_COMMON_BLOCKS = YES;
				GCC_OPTIMIZATION_LEVEL = 0;
				GCC_PREPROCESSOR_DEFINITIONS = (
					"DEBUG=1",
					"$(inherited)",
				);
				GCC_WARN_64_TO_32_BIT_CONVERSION = YES;
				GCC_WARN_ABOUT_RETURN_TYPE = YES_ERROR;
				GCC_WARN_UNDECLARED_SELECTOR = YES;
				GCC_WARN_UNINITIALIZED_AUTOS = YES_AGGRESSIVE;
				GCC_WARN_UNUSED_FUNCTION = YES;
				GCC_WARN_UNUSED_VARIABLE = YES;
				IPHONEOS_DEPLOYMENT_TARGET = 15.5;
				MTL_ENABLE_DEBUG_INFO = INCLUDE_SOURCE;
				MTL_FAST_MATH = YES;
				ONLY_ACTIVE_ARCH = YES;
				SDKROOT = iphoneos;
				SWIFT_ACTIVE_COMPILATION_CONDITIONS = DEBUG;
				SWIFT_OPTIMIZATION_LEVEL = "-Onone";
			};
			name = Debug;
		};
		3697255B288828AE00AE1BC6 /* Release */ = {
			isa = XCBuildConfiguration;
			buildSettings = {
				ALWAYS_SEARCH_USER_PATHS = NO;
				CLANG_ANALYZER_NONNULL = YES;
				CLANG_ANALYZER_NUMBER_OBJECT_CONVERSION = YES_AGGRESSIVE;
				CLANG_CXX_LANGUAGE_STANDARD = "gnu++17";
				CLANG_ENABLE_MODULES = YES;
				CLANG_ENABLE_OBJC_ARC = YES;
				CLANG_ENABLE_OBJC_WEAK = YES;
				CLANG_WARN_BLOCK_CAPTURE_AUTORELEASING = YES;
				CLANG_WARN_BOOL_CONVERSION = YES;
				CLANG_WARN_COMMA = YES;
				CLANG_WARN_CONSTANT_CONVERSION = YES;
				CLANG_WARN_DEPRECATED_OBJC_IMPLEMENTATIONS = YES;
				CLANG_WARN_DIRECT_OBJC_ISA_USAGE = YES_ERROR;
				CLANG_WARN_DOCUMENTATION_COMMENTS = YES;
				CLANG_WARN_EMPTY_BODY = YES;
				CLANG_WARN_ENUM_CONVERSION = YES;
				CLANG_WARN_INFINITE_RECURSION = YES;
				CLANG_WARN_INT_CONVERSION = YES;
				CLANG_WARN_NON_LITERAL_NULL_CONVERSION = YES;
				CLANG_WARN_OBJC_IMPLICIT_RETAIN_SELF = YES;
				CLANG_WARN_OBJC_LITERAL_CONVERSION = YES;
				CLANG_WARN_OBJC_ROOT_CLASS = YES_ERROR;
				CLANG_WARN_QUOTED_INCLUDE_IN_FRAMEWORK_HEADER = YES;
				CLANG_WARN_RANGE_LOOP_ANALYSIS = YES;
				CLANG_WARN_STRICT_PROTOTYPES = YES;
				CLANG_WARN_SUSPICIOUS_MOVE = YES;
				CLANG_WARN_UNGUARDED_AVAILABILITY = YES_AGGRESSIVE;
				CLANG_WARN_UNREACHABLE_CODE = YES;
				CLANG_WARN__DUPLICATE_METHOD_MATCH = YES;
				COPY_PHASE_STRIP = NO;
				DEBUG_INFORMATION_FORMAT = "dwarf-with-dsym";
				ENABLE_NS_ASSERTIONS = NO;
				ENABLE_STRICT_OBJC_MSGSEND = YES;
				GCC_C_LANGUAGE_STANDARD = gnu11;
				GCC_NO_COMMON_BLOCKS = YES;
				GCC_WARN_64_TO_32_BIT_CONVERSION = YES;
				GCC_WARN_ABOUT_RETURN_TYPE = YES_ERROR;
				GCC_WARN_UNDECLARED_SELECTOR = YES;
				GCC_WARN_UNINITIALIZED_AUTOS = YES_AGGRESSIVE;
				GCC_WARN_UNUSED_FUNCTION = YES;
				GCC_WARN_UNUSED_VARIABLE = YES;
				IPHONEOS_DEPLOYMENT_TARGET = 15.5;
				MTL_ENABLE_DEBUG_INFO = NO;
				MTL_FAST_MATH = YES;
				SDKROOT = iphoneos;
				SWIFT_COMPILATION_MODE = wholemodule;
				SWIFT_OPTIMIZATION_LEVEL = "-O";
				VALIDATE_PRODUCT = YES;
			};
			name = Release;
		};
		3697255D288828AE00AE1BC6 /* Debug */ = {
			isa = XCBuildConfiguration;
			buildSettings = {
				ASSETCATALOG_COMPILER_APPICON_NAME = AppIcon;
				ASSETCATALOG_COMPILER_GLOBAL_ACCENT_COLOR_NAME = AccentColor;
				CODE_SIGN_STYLE = Automatic;
				CURRENT_PROJECT_VERSION = 1;
				DEVELOPMENT_ASSET_PATHS = "\"Ligaya App Store/Preview Content\"";
				ENABLE_PREVIEWS = YES;
				GENERATE_INFOPLIST_FILE = YES;
				INFOPLIST_KEY_UIApplicationSceneManifest_Generation = YES;
				INFOPLIST_KEY_UIApplicationSupportsIndirectInputEvents = YES;
				INFOPLIST_KEY_UILaunchScreen_Generation = YES;
				INFOPLIST_KEY_UISupportedInterfaceOrientations_iPad = "UIInterfaceOrientationPortrait UIInterfaceOrientationPortraitUpsideDown UIInterfaceOrientationLandscapeLeft UIInterfaceOrientationLandscapeRight";
				INFOPLIST_KEY_UISupportedInterfaceOrientations_iPhone = "UIInterfaceOrientationPortrait UIInterfaceOrientationLandscapeLeft UIInterfaceOrientationLandscapeRight";
				LD_RUNPATH_SEARCH_PATHS = (
					"$(inherited)",
					"@executable_path/Frameworks",
				);
				MARKETING_VERSION = 1.0;
				PRODUCT_BUNDLE_IDENTIFIER = "com.don-azura.Ligaya-App-Store";
				PRODUCT_NAME = "$(TARGET_NAME)";
				SWIFT_EMIT_LOC_STRINGS = YES;
				SWIFT_VERSION = 5.0;
				TARGETED_DEVICE_FAMILY = "1,2";
			};
			name = Debug;
		};
		3697255E288828AE00AE1BC6 /* Release */ = {
			isa = XCBuildConfiguration;
			buildSettings = {
				ASSETCATALOG_COMPILER_APPICON_NAME = AppIcon;
				ASSETCATALOG_COMPILER_GLOBAL_ACCENT_COLOR_NAME = AccentColor;
				CODE_SIGN_STYLE = Automatic;
				CURRENT_PROJECT_VERSION = 1;
				DEVELOPMENT_ASSET_PATHS = "\"Ligaya App Store/Preview Content\"";
				ENABLE_PREVIEWS = YES;
				GENERATE_INFOPLIST_FILE = YES;
				INFOPLIST_KEY_UIApplicationSceneManifest_Generation = YES;
				INFOPLIST_KEY_UIApplicationSupportsIndirectInputEvents = YES;
				INFOPLIST_KEY_UILaunchScreen_Generation = YES;
				INFOPLIST_KEY_UISupportedInterfaceOrientations_iPad = "UIInterfaceOrientationPortrait UIInterfaceOrientationPortraitUpsideDown UIInterfaceOrientationLandscapeLeft UIInterfaceOrientationLandscapeRight";
				INFOPLIST_KEY_UISupportedInterfaceOrientations_iPhone = "UIInterfaceOrientationPortrait UIInterfaceOrientationLandscapeLeft UIInterfaceOrientationLandscapeRight";
				LD_RUNPATH_SEARCH_PATHS = (
					"$(inherited)",
					"@executable_path/Frameworks",
				);
				MARKETING_VERSION = 1.0;
				PRODUCT_BUNDLE_IDENTIFIER = "com.don-azura.Ligaya-App-Store";
				PRODUCT_NAME = "$(TARGET_NAME)";
				SWIFT_EMIT_LOC_STRINGS = YES;
				SWIFT_VERSION = 5.0;
				TARGETED_DEVICE_FAMILY = "1,2";
			};
			name = Release;
		};
		36972560288828AE00AE1BC6 /* Debug */ = {
			isa = XCBuildConfiguration;
			buildSettings = {
				ALWAYS_EMBED_SWIFT_STANDARD_LIBRARIES = YES;
				BUNDLE_LOADER = "$(TEST_HOST)";
				CODE_SIGN_STYLE = Automatic;
				CURRENT_PROJECT_VERSION = 1;
				GENERATE_INFOPLIST_FILE = YES;
				IPHONEOS_DEPLOYMENT_TARGET = 15.5;
				MARKETING_VERSION = 1.0;
				PRODUCT_BUNDLE_IDENTIFIER = "com.don-azura.Ligaya-App-StoreTests";
				PRODUCT_NAME = "$(TARGET_NAME)";
				SWIFT_EMIT_LOC_STRINGS = NO;
				SWIFT_VERSION = 5.0;
				TARGETED_DEVICE_FAMILY = "1,2";
				TEST_HOST = "$(BUILT_PRODUCTS_DIR)/Ligaya App Store.app/Ligaya App Store";
			};
			name = Debug;
		};
		36972561288828AE00AE1BC6 /* Release */ = {
			isa = XCBuildConfiguration;
			buildSettings = {
				ALWAYS_EMBED_SWIFT_STANDARD_LIBRARIES = YES;
				BUNDLE_LOADER = "$(TEST_HOST)";
				CODE_SIGN_STYLE = Automatic;
				CURRENT_PROJECT_VERSION = 1;
				GENERATE_INFOPLIST_FILE = YES;
				IPHONEOS_DEPLOYMENT_TARGET = 15.5;
				MARKETING_VERSION = 1.0;
				PRODUCT_BUNDLE_IDENTIFIER = "com.don-azura.Ligaya-App-StoreTests";
				PRODUCT_NAME = "$(TARGET_NAME)";
				SWIFT_EMIT_LOC_STRINGS = NO;
				SWIFT_VERSION = 5.0;
				TARGETED_DEVICE_FAMILY = "1,2";
				TEST_HOST = "$(BUILT_PRODUCTS_DIR)/Ligaya App Store.app/Ligaya App Store";
			};
			name = Release;
		};
		36972563288828AE00AE1BC6 /* Debug */ = {
			isa = XCBuildConfiguration;
			buildSettings = {
				ALWAYS_EMBED_SWIFT_STANDARD_LIBRARIES = YES;
				CODE_SIGN_STYLE = Automatic;
				CURRENT_PROJECT_VERSION = 1;
				GENERATE_INFOPLIST_FILE = YES;
				MARKETING_VERSION = 1.0;
				PRODUCT_BUNDLE_IDENTIFIER = "com.don-azura.Ligaya-App-StoreUITests";
				PRODUCT_NAME = "$(TARGET_NAME)";
				SWIFT_EMIT_LOC_STRINGS = NO;
				SWIFT_VERSION = 5.0;
				TARGETED_DEVICE_FAMILY = "1,2";
				TEST_TARGET_NAME = "Ligaya App Store";
			};
			name = Debug;
		};
		36972564288828AE00AE1BC6 /* Release */ = {
			isa = XCBuildConfiguration;
			buildSettings = {
				ALWAYS_EMBED_SWIFT_STANDARD_LIBRARIES = YES;
				CODE_SIGN_STYLE = Automatic;
				CURRENT_PROJECT_VERSION = 1;
				GENERATE_INFOPLIST_FILE = YES;
				MARKETING_VERSION = 1.0;
				PRODUCT_BUNDLE_IDENTIFIER = "com.don-azura.Ligaya-App-StoreUITests";
				PRODUCT_NAME = "$(TARGET_NAME)";
				SWIFT_EMIT_LOC_STRINGS = NO;
				SWIFT_VERSION = 5.0;
				TARGETED_DEVICE_FAMILY = "1,2";
				TEST_TARGET_NAME = "Ligaya App Store";
			};
			name = Release;
		};
/* End XCBuildConfiguration section */

/* Begin XCConfigurationList section */
		36972533288828AB00AE1BC6 /* Build configuration list for PBXProject "Ligaya App Store" */ = {
			isa = XCConfigurationList;
			buildConfigurations = (
				3697255A288828AE00AE1BC6 /* Debug */,
				3697255B288828AE00AE1BC6 /* Release */,
			);
			defaultConfigurationIsVisible = 0;
			defaultConfigurationName = Release;
		};
		3697255C288828AE00AE1BC6 /* Build configuration list for PBXNativeTarget "Ligaya App Store" */ = {
			isa = XCConfigurationList;
			buildConfigurations = (
				3697255D288828AE00AE1BC6 /* Debug */,
				3697255E288828AE00AE1BC6 /* Release */,
			);
			defaultConfigurationIsVisible = 0;
			defaultConfigurationName = Release;
		};
		3697255F288828AE00AE1BC6 /* Build configuration list for PBXNativeTarget "Ligaya App StoreTests" */ = {
			isa = XCConfigurationList;
			buildConfigurations = (
				36972560288828AE00AE1BC6 /* Debug */,
				36972561288828AE00AE1BC6 /* Release */,
			);
			defaultConfigurationIsVisible = 0;
			defaultConfigurationName = Release;
		};
		36972562288828AE00AE1BC6 /* Build configuration list for PBXNativeTarget "Ligaya App StoreUITests" */ = {
			isa = XCConfigurationList;
			buildConfigurations = (
				36972563288828AE00AE1BC6 /* Debug */,
				36972564288828AE00AE1BC6 /* Release */,
			);
			defaultConfigurationIsVisible = 0;
			defaultConfigurationName = Release;
		};
/* End XCConfigurationList section */
	};
	rootObject = 36972530288828AB00AE1BC6 /* Project object */;
}
